github.com/FabioSol/Lykeion v0.0.0-20260110021442-33024df88531 h1:UBwP9xR1f6WdKIrTJvgLRuJCl4/Nf7XRTPGbDpGnMBI=
github.com/FabioSol/Lykeion v0.0.0-20260110021442-33024df88531/go.mod h1:s6o1TmZq/tSx+jd7CbMXI0uor00kX5meM1QepVPryOA=
github.com/FabioSol/Lykeion v0.0.0-20260120013939-72d8bb4bedf7 h1:OPZAKOvmi8aJQdCV55Oko4bwtRzoErzdpeCHx1FBPXs=
github.com/FabioSol/Lykeion v0.0.0-20260120013939-72d8bb4bedf7/go.mod h1:s6o1TmZq/tSx+jd7CbMXI0uor00kX5meM1QepVPryOA=
